%{"cowboy": {:hex, :cowboy, "1.0.0"},
  "cowlib": {:hex, :cowlib, "1.0.0"},
  "linguist": {:hex, :linguist, "0.1.2"},
  "phoenix": {:git, "git://github.com/phoenixframework/phoenix.git", "a905a09dfdaa7120e357aa38eb76f4fa9d3566c9", []},
  "plug": {:hex, :plug, "0.8.1"},
  "poison": {:hex, :poison, "1.2.0"},
  "ranch": {:hex, :ranch, "1.0.0"}}
